// !$*UTF8*$!
{
	archiveVersion = 1;
	classes = {
	};
	objectVersion = 50;
	objects = {

/* Begin PBXBuildFile section */
		174664BA270213CE001C9552 /* AppDelegate.swift in Sources */ = {isa = PBXBuildFile; fileRef = 174664B9270213CE001C9552 /* AppDelegate.swift */; };
		174664C1270213CE001C9552 /* Main.storyboard in Resources */ = {isa = PBXBuildFile; fileRef = 174664BF270213CE001C9552 /* Main.storyboard */; };
		174664C3270213CF001C9552 /* Assets.xcassets in Resources */ = {isa = PBXBuildFile; fileRef = 174664C2270213CF001C9552 /* Assets.xcassets */; };
		174664C6270213CF001C9552 /* LaunchScreen.storyboard in Resources */ = {isa = PBXBuildFile; fileRef = 174664C4270213CF001C9552 /* LaunchScreen.storyboard */; };
		174664D22702146B001C9552 /* NoticiasListTableViewController.swift in Sources */ = {isa = PBXBuildFile; fileRef = 174664D12702146B001C9552 /* NoticiasListTableViewController.swift */; };
		174664D527021922001C9552 /* WebService.swift in Sources */ = {isa = PBXBuildFile; fileRef = 174664D427021922001C9552 /* WebService.swift */; };
		174664D827021D94001C9552 /* Article.swift in Sources */ = {isa = PBXBuildFile; fileRef = 174664D727021D94001C9552 /* Article.swift */; };
		174664DB27022290001C9552 /* ArticleViewModel.swift in Sources */ = {isa = PBXBuildFile; fileRef = 174664DA27022290001C9552 /* ArticleViewModel.swift */; };
		174664DE27022518001C9552 /* ArticleTableViewCell.swift in Sources */ = {isa = PBXBuildFile; fileRef = 174664DD27022518001C9552 /* ArticleTableViewCell.swift */; };
/* End PBXBuildFile section */

/* Begin PBXFileReference section */
		174664B6270213CE001C9552 /* Noticias.app */ = {isa = PBXFileReference; explicitFileType = wrapper.application; includeInIndex = 0; path = Noticias.app; sourceTree = BUILT_PRODUCTS_DIR; };
		174664B9270213CE001C9552 /* AppDelegate.swift */ = {isa = PBXFileReference; lastKnownFileType = sourcecode.swift; path = AppDelegate.swift; sourceTree = "<group>"; };
		174664C0270213CE001C9552 /* Base */ = {isa = PBXFileReference; lastKnownFileType = file.storyboard; name = Base; path = Base.lproj/Main.storyboard; sourceTree = "<group>"; };
		174664C2270213CF001C9552 /* Assets.xcassets */ = {isa = PBXFileReference; lastKnownFileType = folder.assetcatalog; path = Assets.xcassets; sourceTree = "<group>"; };
		174664C5270213CF001C9552 /* Base */ = {isa = PBXFileReference; lastKnownFileType = file.storyboard; name = Base; path = Base.lproj/LaunchScreen.storyboard; sourceTree = "<group>"; };
		174664C7270213CF001C9552 /* Info.plist */ = {isa = PBXFileReference; lastKnownFileType = text.plist.xml; path = Info.plist; sourceTree = "<group>"; };
		174664D12702146B001C9552 /* NoticiasListTableViewController.swift */ = {isa = PBXFileReference; lastKnownFileType = sourcecode.swift; path = NoticiasListTableViewController.swift; sourceTree = "<group>"; };
		174664D427021922001C9552 /* WebService.swift */ = {isa = PBXFileReference; lastKnownFileType = sourcecode.swift; path = WebService.swift; sourceTree = "<group>"; };
		174664D727021D94001C9552 /* Article.swift */ = {isa = PBXFileReference; lastKnownFileType = sourcecode.swift; path = Article.swift; sourceTree = "<group>"; };
		174664DA27022290001C9552 /* ArticleViewModel.swift */ = {isa = PBXFileReference; lastKnownFileType = sourcecode.swift; path = ArticleViewModel.swift; sourceTree = "<group>"; };
		174664DD27022518001C9552 /* ArticleTableViewCell.swift */ = {isa = PBXFileReference; lastKnownFileType = sourcecode.swift; path = ArticleTableViewCell.swift; sourceTree = "<group>"; };
/* End PBXFileReference section */

/* Begin PBXFrameworksBuildPhase section */
		174664B3270213CE001C9552 /* Frameworks */ = {
			isa = PBXFrameworksBuildPhase;
			buildActionMask = 2147483647;
			files = (
			);
			runOnlyForDeploymentPostprocessing = 0;
		};
/* End PBXFrameworksBuildPhase section */

/* Begin PBXGroup section */
		174664AD270213CE001C9552 = {
			isa = PBXGroup;
			children = (
				174664B8270213CE001C9552 /* Noticias */,
				174664B7270213CE001C9552 /* Products */,
			);
			sourceTree = "<group>";
		};
		174664B7270213CE001C9552 /* Products */ = {
			isa = PBXGroup;
			children = (
				174664B6270213CE001C9552 /* Noticias.app */,
			);
			name = Products;
			sourceTree = "<group>";
		};
		174664B8270213CE001C9552 /* Noticias */ = {
			isa = PBXGroup;
			children = (
				174664D027021444001C9552 /* Controllers */,
				174664D927022281001C9552 /* View Models */,
				174664D627021C61001C9552 /* Models */,
				174664DC27022508001C9552 /* Cells */,
				174664D32702190F001C9552 /* Services */,
				174664DF27022925001C9552 /* Resources */,
			);
			path = Noticias;
			sourceTree = "<group>";
		};
		174664D027021444001C9552 /* Controllers */ = {
			isa = PBXGroup;
			children = (
				174664D12702146B001C9552 /* NoticiasListTableViewController.swift */,
			);
			name = Controllers;
			sourceTree = "<group>";
		};
		174664D32702190F001C9552 /* Services */ = {
			isa = PBXGroup;
			children = (
				174664D427021922001C9552 /* WebService.swift */,
			);
			name = Services;
			sourceTree = "<group>";
		};
		174664D627021C61001C9552 /* Models */ = {
			isa = PBXGroup;
			children = (
				174664D727021D94001C9552 /* Article.swift */,
			);
			name = Models;
			sourceTree = "<group>";
		};
		174664D927022281001C9552 /* View Models */ = {
			isa = PBXGroup;
			children = (
				174664DA27022290001C9552 /* ArticleViewModel.swift */,
			);
			name = "View Models";
			sourceTree = "<group>";
		};
		174664DC27022508001C9552 /* Cells */ = {
			isa = PBXGroup;
			children = (
				174664DD27022518001C9552 /* ArticleTableViewCell.swift */,
			);
			name = Cells;
			sourceTree = "<group>";
		};
		174664DF27022925001C9552 /* Resources */ = {
			isa = PBXGroup;
			children = (
				174664B9270213CE001C9552 /* AppDelegate.swift */,
				174664BF270213CE001C9552 /* Main.storyboard */,
				174664C2270213CF001C9552 /* Assets.xcassets */,
				174664C4270213CF001C9552 /* LaunchScreen.storyboard */,
				174664C7270213CF001C9552 /* Info.plist */,
			);
			name = Resources;
			sourceTree = "<group>";
		};
/* End PBXGroup section */

/* Begin PBXNativeTarget section */
		174664B5270213CE001C9552 /* Noticias */ = {
			isa = PBXNativeTarget;
			buildConfigurationList = 174664CA270213CF001C9552 /* Build configuration list for PBXNativeTarget "Noticias" */;
			buildPhases = (
				174664B2270213CE001C9552 /* Sources */,
				174664B3270213CE001C9552 /* Frameworks */,
				174664B4270213CE001C9552 /* Resources */,
			);
			buildRules = (
			);
			dependencies = (
			);
			name = Noticias;
			productName = Noticias;
			productReference = 174664B6270213CE001C9552 /* Noticias.app */;
			productType = "com.apple.product-type.application";
		};
/* End PBXNativeTarget section */

/* Begin PBXProject section */
		174664AE270213CE001C9552 /* Project object */ = {
			isa = PBXProject;
			attributes = {
				LastSwiftUpdateCheck = 1250;
				LastUpgradeCheck = 1250;
				TargetAttributes = {
					174664B5270213CE001C9552 = {
						CreatedOnToolsVersion = 12.5.1;
					};
				};
			};
			buildConfigurationList = 174664B1270213CE001C9552 /* Build configuration list for PBXProject "Noticias" */;
			compatibilityVersion = "Xcode 9.3";
			developmentRegion = en;
			hasScannedForEncodings = 0;
			knownRegions = (
				en,
				Base,
			);
			mainGroup = 174664AD270213CE001C9552;
			productRefGroup = 174664B7270213CE001C9552 /* Products */;
			projectDirPath = "";
			projectRoot = "";
			targets = (
				174664B5270213CE001C9552 /* Noticias */,
			);
		};
/* End PBXProject section */

/* Begin PBXResourcesBuildPhase section */
		174664B4270213CE001C9552 /* Resources */ = {
			isa = PBXResourcesBuildPhase;
			buildActionMask = 2147483647;
			files = (
				174664C6270213CF001C9552 /* LaunchScreen.storyboard in Resources */,
				174664C3270213CF001C9552 /* Assets.xcassets in Resources */,
				174664C1270213CE001C9552 /* Main.storyboard in Resources */,
			);
			runOnlyForDeploymentPostprocessing = 0;
		};
/* End PBXResourcesBuildPhase section */

/* Begin PBXSourcesBuildPhase section */
		174664B2270213CE001C9552 /* Sources */ = {
			isa = PBXSourcesBuildPhase;
			buildActionMask = 2147483647;
			files = (
				174664D827021D94001C9552 /* Article.swift in Sources */,
				174664D527021922001C9552 /* WebService.swift in Sources */,
				174664BA270213CE001C9552 /* AppDelegate.swift in Sources */,
				174664DB27022290001C9552 /* ArticleViewModel.swift in Sources */,
				174664DE27022518001C9552 /* ArticleTableViewCell.swift in Sources */,
				174664D22702146B001C9552 /* NoticiasListTableViewController.swift in Sources */,
			);
			runOnlyForDeploymentPostprocessing = 0;
		};
/* End PBXSourcesBuildPhase section */

/* Begin PBXVariantGroup section */
		174664BF270213CE001C9552 /* Main.storyboard */ = {
			isa = PBXVariantGroup;
			children = (
				174664C0270213CE001C9552 /* Base */,
			);
			name = Main.storyboard;
			sourceTree = "<group>";
		};
		174664C4270213CF001C9552 /* LaunchScreen.storyboard */ = {
			isa = PBXVariantGroup;
			children = (
				174664C5270213CF001C9552 /* Base */,
			);
			name = LaunchScreen.storyboard;
			sourceTree = "<group>";
		};
/* End PBXVariantGroup section */

/* Begin XCBuildConfiguration section */
		174664C8270213CF001C9552 /* Debug */ = {
			isa = XCBuildConfiguration;
			buildSettings = {
				ALWAYS_SEARCH_USER_PATHS = NO;
				CLANG_ANALYZER_NONNULL = YES;
				CLANG_ANALYZER_NUMBER_OBJECT_CONVERSION = YES_AGGRESSIVE;
				CLANG_CXX_LANGUAGE_STANDARD = "gnu++14";
				CLANG_CXX_LIBRARY = "libc++";
				CLANG_ENABLE_MODULES = YES;
				CLANG_ENABLE_OBJC_ARC = YES;
				CLANG_ENABLE_OBJC_WEAK = YES;
				CLANG_WARN_BLOCK_CAPTURE_AUTORELEASING = YES;
				CLANG_WARN_BOOL_CONVERSION = YES;
				CLANG_WARN_COMMA = YES;
				CLANG_WARN_CONSTANT_CONVERSION = YES;
				CLANG_WARN_DEPRECATED_OBJC_IMPLEMENTATIONS = YES;
				CLANG_WARN_DIRECT_OBJC_ISA_USAGE = YES_ERROR;
				CLANG_WARN_DOCUMENTATION_COMMENTS = YES;
				CLANG_WARN_EMPTY_BODY = YES;
				CLANG_WARN_ENUM_CONVERSION = YES;
				CLANG_WARN_INFINITE_RECURSION = YES;
				CLANG_WARN_INT_CONVERSION = YES;
				CLANG_WARN_NON_LITERAL_NULL_CONVERSION = YES;
				CLANG_WARN_OBJC_IMPLICIT_RETAIN_SELF = YES;
				CLANG_WARN_OBJC_LITERAL_CONVERSION = YES;
				CLANG_WARN_OBJC_ROOT_CLASS = YES_ERROR;
				CLANG_WARN_QUOTED_INCLUDE_IN_FRAMEWORK_HEADER = YES;
				CLANG_WARN_RANGE_LOOP_ANALYSIS = YES;
				CLANG_WARN_STRICT_PROTOTYPES = YES;
				CLANG_WARN_SUSPICIOUS_MOVE = YES;
				CLANG_WARN_UNGUARDED_AVAILABILITY = YES_AGGRESSIVE;
				CLANG_WARN_UNREACHABLE_CODE = YES;
				CLANG_WARN__DUPLICATE_METHOD_MATCH = YES;
				COPY_PHASE_STRIP = NO;
				DEBUG_INFORMATION_FORMAT = dwarf;
				ENABLE_STRICT_OBJC_MSGSEND = YES;
				ENABLE_TESTABILITY = YES;
				GCC_C_LANGUAGE_STANDARD = gnu11;
				GCC_DYNAMIC_NO_PIC = NO;
				GCC_NO_COMMON_BLOCKS = YES;
				GCC_OPTIMIZATION_LEVEL = 0;
				GCC_PREPROCESSOR_DEFINITIONS = (
					"DEBUG=1",
					"$(inherited)",
				);
				GCC_WARN_64_TO_32_BIT_CONVERSION = YES;
				GCC_WARN_ABOUT_RETURN_TYPE = YES_ERROR;
				GCC_WARN_UNDECLARED_SELECTOR = YES;
				GCC_WARN_UNINITIALIZED_AUTOS = YES_AGGRESSIVE;
				GCC_WARN_UNUSED_FUNCTION = YES;
				GCC_WARN_UNUSED_VARIABLE = YES;
				IPHONEOS_DEPLOYMENT_TARGET = 14.5;
				MTL_ENABLE_DEBUG_INFO = INCLUDE_SOURCE;
				MTL_FAST_MATH = YES;
				ONLY_ACTIVE_ARCH = YES;
				SDKROOT = iphoneos;
				SWIFT_ACTIVE_COMPILATION_CONDITIONS = DEBUG;
				SWIFT_OPTIMIZATION_LEVEL = "-Onone";
			};
			name = Debug;
		};
		174664C9270213CF001C9552 /* Release */ = {
			isa = XCBuildConfiguration;
			buildSettings = {
				ALWAYS_SEARCH_USER_PATHS = NO;
				CLANG_ANALYZER_NONNULL = YES;
				CLANG_ANALYZER_NUMBER_OBJECT_CONVERSION = YES_AGGRESSIVE;
				CLANG_CXX_LANGUAGE_STANDARD = "gnu++14";
				CLANG_CXX_LIBRARY = "libc++";
				CLANG_ENABLE_MODULES = YES;
				CLANG_ENABLE_OBJC_ARC = YES;
				CLANG_ENABLE_OBJC_WEAK = YES;
				CLANG_WARN_BLOCK_CAPTURE_AUTORELEASING = YES;
				CLANG_WARN_BOOL_CONVERSION = YES;
				CLANG_WARN_COMMA = YES;
				CLANG_WARN_CONSTANT_CONVERSION = YES;
				CLANG_WARN_DEPRECATED_OBJC_IMPLEMENTATIONS = YES;
				CLANG_WARN_DIRECT_OBJC_ISA_USAGE = YES_ERROR;
				CLANG_WARN_DOCUMENTATION_COMMENTS = YES;
				CLANG_WARN_EMPTY_BODY = YES;
				CLANG_WARN_ENUM_CONVERSION = YES;
				CLANG_WARN_INFINITE_RECURSION = YES;
				CLANG_WARN_INT_CONVERSION = YES;
				CLANG_WARN_NON_LITERAL_NULL_CONVERSION = YES;
				CLANG_WARN_OBJC_IMPLICIT_RETAIN_SELF = YES;
				CLANG_WARN_OBJC_LITERAL_CONVERSION = YES;
				CLANG_WARN_OBJC_ROOT_CLASS = YES_ERROR;
				CLANG_WARN_QUOTED_INCLUDE_IN_FRAMEWORK_HEADER = YES;
				CLANG_WARN_RANGE_LOOP_ANALYSIS = YES;
				CLANG_WARN_STRICT_PROTOTYPES = YES;
				CLANG_WARN_SUSPICIOUS_MOVE = YES;
				CLANG_WARN_UNGUARDED_AVAILABILITY = YES_AGGRESSIVE;
				CLANG_WARN_UNREACHABLE_CODE = YES;
				CLANG_WARN__DUPLICATE_METHOD_MATCH = YES;
				COPY_PHASE_STRIP = NO;
				DEBUG_INFORMATION_FORMAT = "dwarf-with-dsym";
				ENABLE_NS_ASSERTIONS = NO;
				ENABLE_STRICT_OBJC_MSGSEND = YES;
				GCC_C_LANGUAGE_STANDARD = gnu11;
				GCC_NO_COMMON_BLOCKS = YES;
				GCC_WARN_64_TO_32_BIT_CONVERSION = YES;
				GCC_WARN_ABOUT_RETURN_TYPE = YES_ERROR;
				GCC_WARN_UNDECLARED_SELECTOR = YES;
				GCC_WARN_UNINITIALIZED_AUTOS = YES_AGGRESSIVE;
				GCC_WARN_UNUSED_FUNCTION = YES;
				GCC_WARN_UNUSED_VARIABLE = YES;
				IPHONEOS_DEPLOYMENT_TARGET = 14.5;
				MTL_ENABLE_DEBUG_INFO = NO;
				MTL_FAST_MATH = YES;
				SDKROOT = iphoneos;
				SWIFT_COMPILATION_MODE = wholemodule;
				SWIFT_OPTIMIZATION_LEVEL = "-O";
				VALIDATE_PRODUCT = YES;
			};
			name = Release;
		};
		174664CB270213CF001C9552 /* Debug */ = {
			isa = XCBuildConfiguration;
			buildSettings = {
				ASSETCATALOG_COMPILER_APPICON_NAME = AppIcon;
				ASSETCATALOG_COMPILER_GLOBAL_ACCENT_COLOR_NAME = AccentColor;
				CODE_SIGN_STYLE = Automatic;
				INFOPLIST_FILE = Noticias/Info.plist;
				LD_RUNPATH_SEARCH_PATHS = (
					"$(inherited)",
					"@executable_path/Frameworks",
				);
				PRODUCT_BUNDLE_IDENTIFIER = com.isalfo.Noticias;
				PRODUCT_NAME = "$(TARGET_NAME)";
				SWIFT_VERSION = 5.0;
				TARGETED_DEVICE_FAMILY = "1,2";
			};
			name = Debug;
		};
		174664CC270213CF001C9552 /* Release */ = {
			isa = XCBuildConfiguration;
			buildSettings = {
				ASSETCATALOG_COMPILER_APPICON_NAME = AppIcon;
				ASSETCATALOG_COMPILER_GLOBAL_ACCENT_COLOR_NAME = AccentColor;
				CODE_SIGN_STYLE = Automatic;
				INFOPLIST_FILE = Noticias/Info.plist;
				LD_RUNPATH_SEARCH_PATHS = (
					"$(inherited)",
					"@executable_path/Frameworks",
				);
				PRODUCT_BUNDLE_IDENTIFIER = com.isalfo.Noticias;
				PRODUCT_NAME = "$(TARGET_NAME)";
				SWIFT_VERSION = 5.0;
				TARGETED_DEVICE_FAMILY = "1,2";
			};
			name = Release;
		};
/* End XCBuildConfiguration section */

/* Begin XCConfigurationList section */
		174664B1270213CE001C9552 /* Build configuration list for PBXProject "Noticias" */ = {
			isa = XCConfigurationList;
			buildConfigurations = (
				174664C8270213CF001C9552 /* Debug */,
				174664C9270213CF001C9552 /* Release */,
			);
			defaultConfigurationIsVisible = 0;
			defaultConfigurationName = Release;
		};
		174664CA270213CF001C9552 /* Build configuration list for PBXNativeTarget "Noticias" */ = {
			isa = XCConfigurationList;
			buildConfigurations = (
				174664CB270213CF001C9552 /* Debug */,
				174664CC270213CF001C9552 /* Release */,
			);
			defaultConfigurationIsVisible = 0;
			defaultConfigurationName = Release;
		};
/* End XCConfigurationList section */
	};
	rootObject = 174664AE270213CE001C9552 /* Project object */;
}
